// !$*UTF8*$!
{
	archiveVersion = 1;
	classes = {
	};
	objectVersion = 77;
	objects = {

/* Begin PBXBuildFile section */
		BF0F584D2DE5C5150059DEAF /* Assets.xcassets in Resources */ = {isa = PBXBuildFile; fileRef = BF0F584C2DE5C5150059DEAF /* Assets.xcassets */; };
		BF0F58AD2DE5C6410059DEAF /* FirebaseAI in Frameworks */ = {isa = PBXBuildFile; productRef = BF0F58AC2DE5C6410059DEAF /* FirebaseAI */; };
		BF0F58AF2DE5C6410059DEAF /* FirebaseAuth in Frameworks */ = {isa = PBXBuildFile; productRef = BF0F58AE2DE5C6410059DEAF /* FirebaseAuth */; };
		BF0F58B12DE5C6410059DEAF /* FirebaseDatabase in Frameworks */ = {isa = PBXBuildFile; productRef = BF0F58B02DE5C6410059DEAF /* FirebaseDatabase */; };
		BF0F58B32DE5C6410059DEAF /* FirebaseFirestore in Frameworks */ = {isa = PBXBuildFile; productRef = BF0F58B22DE5C6410059DEAF /* FirebaseFirestore */; };
		BF0F58B52DE5C6410059DEAF /* FirebaseStorage in Frameworks */ = {isa = PBXBuildFile; productRef = BF0F58B42DE5C6410059DEAF /* FirebaseStorage */; };
		BF0F58C22DE5CA4B0059DEAF /* SwiftUISpeechToText in Frameworks */ = {isa = PBXBuildFile; productRef = BF0F58C12DE5CA4B0059DEAF /* SwiftUISpeechToText */; };
/* End PBXBuildFile section */

/* Begin PBXContainerItemProxy section */
		BF0F58532DE5C5160059DEAF /* PBXContainerItemProxy */ = {
			isa = PBXContainerItemProxy;
			containerPortal = BF0F583D2DE5C5140059DEAF /* Project object */;
			proxyType = 1;
			remoteGlobalIDString = BF0F58442DE5C5140059DEAF;
			remoteInfo = StroopTest;
		};
		BF0F585D2DE5C5160059DEAF /* PBXContainerItemProxy */ = {
			isa = PBXContainerItemProxy;
			containerPortal = BF0F583D2DE5C5140059DEAF /* Project object */;
			proxyType = 1;
			remoteGlobalIDString = BF0F58442DE5C5140059DEAF;
			remoteInfo = StroopTest;
		};
/* End PBXContainerItemProxy section */

/* Begin PBXFileReference section */
		BF0F58452DE5C5140059DEAF /* StroopTest.app */ = {isa = PBXFileReference; explicitFileType = wrapper.application; includeInIndex = 0; path = StroopTest.app; sourceTree = BUILT_PRODUCTS_DIR; };
		BF0F584C2DE5C5150059DEAF /* Assets.xcassets */ = {isa = PBXFileReference; lastKnownFileType = folder.assetcatalog; path = Assets.xcassets; sourceTree = "<group>"; };
		BF0F58522DE5C5160059DEAF /* StroopTestTests.xctest */ = {isa = PBXFileReference; explicitFileType = wrapper.cfbundle; includeInIndex = 0; path = StroopTestTests.xctest; sourceTree = BUILT_PRODUCTS_DIR; };
		BF0F585C2DE5C5160059DEAF /* StroopTestUITests.xctest */ = {isa = PBXFileReference; explicitFileType = wrapper.cfbundle; includeInIndex = 0; path = StroopTestUITests.xctest; sourceTree = BUILT_PRODUCTS_DIR; };
/* End PBXFileReference section */

/* Begin PBXFileSystemSynchronizedBuildFileExceptionSet section */
		BF0F58A42DE5C5610059DEAF /* Exceptions for "StroopTestTests" folder in "StroopTest" target */ = {
			isa = PBXFileSystemSynchronizedBuildFileExceptionSet;
			membershipExceptions = (
				StroopTestTests.swift,
			);
			target = BF0F58442DE5C5140059DEAF /* StroopTest */;
		};
		BF0F58A52DE5C5610059DEAF /* Exceptions for "StroopTestTests" folder in "StroopTestTests" target */ = {
			isa = PBXFileSystemSynchronizedBuildFileExceptionSet;
			membershipExceptions = (
				StroopTestTests.swift,
			);
			target = BF0F58512DE5C5160059DEAF /* StroopTestTests */;
		};
/* End PBXFileSystemSynchronizedBuildFileExceptionSet section */

/* Begin PBXFileSystemSynchronizedRootGroup section */
		BF0F58472DE5C5140059DEAF /* StroopTest */ = {
			isa = PBXFileSystemSynchronizedRootGroup;
			path = StroopTest;
			sourceTree = "<group>";
		};
		BF0F585F2DE5C5160059DEAF /* StroopTestUITests */ = {
			isa = PBXFileSystemSynchronizedRootGroup;
			path = StroopTestUITests;
			sourceTree = "<group>";
		};
		BF0F58A22DE5C5610059DEAF /* StroopTestTests */ = {
			isa = PBXFileSystemSynchronizedRootGroup;
			exceptions = (
				BF0F58A42DE5C5610059DEAF /* Exceptions for "StroopTestTests" folder in "StroopTest" target */,
				BF0F58A52DE5C5610059DEAF /* Exceptions for "StroopTestTests" folder in "StroopTestTests" target */,
			);
			path = StroopTestTests;
			sourceTree = "<group>";
		};
/* End PBXFileSystemSynchronizedRootGroup section */

/* Begin PBXFrameworksBuildPhase section */
		BF0F58422DE5C5140059DEAF /* Frameworks */ = {
			isa = PBXFrameworksBuildPhase;
			buildActionMask = 2147483647;
			files = (
				BF0F58B12DE5C6410059DEAF /* FirebaseDatabase in Frameworks */,
				BF0F58B32DE5C6410059DEAF /* FirebaseFirestore in Frameworks */,
				BF0F58C22DE5CA4B0059DEAF /* SwiftUISpeechToText in Frameworks */,
				BF0F58AD2DE5C6410059DEAF /* FirebaseAI in Frameworks */,
				BF0F58B52DE5C6410059DEAF /* FirebaseStorage in Frameworks */,
				BF0F58AF2DE5C6410059DEAF /* FirebaseAuth in Frameworks */,
			);
			runOnlyForDeploymentPostprocessing = 0;
		};
		BF0F584F2DE5C5160059DEAF /* Frameworks */ = {
			isa = PBXFrameworksBuildPhase;
			buildActionMask = 2147483647;
			files = (
			);
			runOnlyForDeploymentPostprocessing = 0;
		};
		BF0F58592DE5C5160059DEAF /* Frameworks */ = {
			isa = PBXFrameworksBuildPhase;
			buildActionMask = 2147483647;
			files = (
			);
			runOnlyForDeploymentPostprocessing = 0;
		};
/* End PBXFrameworksBuildPhase section */

/* Begin PBXGroup section */
		BF0F583C2DE5C5140059DEAF = {
			isa = PBXGroup;
			children = (
				BF0F58472DE5C5140059DEAF /* StroopTest */,
				BF0F584C2DE5C5150059DEAF /* Assets.xcassets */,
				BF0F58462DE5C5140059DEAF /* Products */,
			);
			sourceTree = "<group>";
		};
		BF0F58462DE5C5140059DEAF /* Products */ = {
			isa = PBXGroup;
			children = (
				BF0F58A22DE5C5610059DEAF /* StroopTestTests */,
				BF0F585F2DE5C5160059DEAF /* StroopTestUITests */,
				BF0F58452DE5C5140059DEAF /* StroopTest.app */,
				BF0F58522DE5C5160059DEAF /* StroopTestTests.xctest */,
				BF0F585C2DE5C5160059DEAF /* StroopTestUITests.xctest */,
			);
			name = Products;
			sourceTree = "<group>";
		};
/* End PBXGroup section */

/* Begin PBXNativeTarget section */
		BF0F58442DE5C5140059DEAF /* StroopTest */ = {
			isa = PBXNativeTarget;
			buildConfigurationList = BF0F58662DE5C5160059DEAF /* Build configuration list for PBXNativeTarget "StroopTest" */;
			buildPhases = (
				BF0F58412DE5C5140059DEAF /* Sources */,
				BF0F58422DE5C5140059DEAF /* Frameworks */,
				BF0F58432DE5C5140059DEAF /* Resources */,
			);
			buildRules = (
			);
			dependencies = (
			);
			fileSystemSynchronizedGroups = (
				BF0F58472DE5C5140059DEAF /* StroopTest */,
				BF0F58A22DE5C5610059DEAF /* StroopTestTests */,
			);
			name = StroopTest;
			packageProductDependencies = (
				BF0F58AC2DE5C6410059DEAF /* FirebaseAI */,
				BF0F58AE2DE5C6410059DEAF /* FirebaseAuth */,
				BF0F58B02DE5C6410059DEAF /* FirebaseDatabase */,
				BF0F58B22DE5C6410059DEAF /* FirebaseFirestore */,
				BF0F58B42DE5C6410059DEAF /* FirebaseStorage */,
				BF0F58C12DE5CA4B0059DEAF /* SwiftUISpeechToText */,
			);
			productName = StroopTest;
			productReference = BF0F58452DE5C5140059DEAF /* StroopTest.app */;
			productType = "com.apple.product-type.application";
		};
		BF0F58512DE5C5160059DEAF /* StroopTestTests */ = {
			isa = PBXNativeTarget;
			buildConfigurationList = BF0F58692DE5C5160059DEAF /* Build configuration list for PBXNativeTarget "StroopTestTests" */;
			buildPhases = (
				BF0F584E2DE5C5160059DEAF /* Sources */,
				BF0F584F2DE5C5160059DEAF /* Frameworks */,
				BF0F58502DE5C5160059DEAF /* Resources */,
			);
			buildRules = (
			);
			dependencies = (
				BF0F58542DE5C5160059DEAF /* PBXTargetDependency */,
			);
			name = StroopTestTests;
			packageProductDependencies = (
			);
			productName = StroopTestTests;
			productReference = BF0F58522DE5C5160059DEAF /* StroopTestTests.xctest */;
			productType = "com.apple.product-type.bundle.unit-test";
		};
		BF0F585B2DE5C5160059DEAF /* StroopTestUITests */ = {
			isa = PBXNativeTarget;
			buildConfigurationList = BF0F586C2DE5C5160059DEAF /* Build configuration list for PBXNativeTarget "StroopTestUITests" */;
			buildPhases = (
				BF0F58582DE5C5160059DEAF /* Sources */,
				BF0F58592DE5C5160059DEAF /* Frameworks */,
				BF0F585A2DE5C5160059DEAF /* Resources */,
			);
			buildRules = (
			);
			dependencies = (
				BF0F585E2DE5C5160059DEAF /* PBXTargetDependency */,
			);
			fileSystemSynchronizedGroups = (
				BF0F585F2DE5C5160059DEAF /* StroopTestUITests */,
			);
			name = StroopTestUITests;
			packageProductDependencies = (
			);
			productName = StroopTestUITests;
			productReference = BF0F585C2DE5C5160059DEAF /* StroopTestUITests.xctest */;
			productType = "com.apple.product-type.bundle.ui-testing";
		};
/* End PBXNativeTarget section */

/* Begin PBXProject section */
		BF0F583D2DE5C5140059DEAF /* Project object */ = {
			isa = PBXProject;
			attributes = {
				BuildIndependentTargetsInParallel = 1;
				LastSwiftUpdateCheck = 1630;
				LastUpgradeCheck = 1630;
				TargetAttributes = {
					BF0F58442DE5C5140059DEAF = {
						CreatedOnToolsVersion = 16.3;
					};
					BF0F58512DE5C5160059DEAF = {
						CreatedOnToolsVersion = 16.3;
						TestTargetID = BF0F58442DE5C5140059DEAF;
					};
					BF0F585B2DE5C5160059DEAF = {
						CreatedOnToolsVersion = 16.3;
						TestTargetID = BF0F58442DE5C5140059DEAF;
					};
				};
			};
			buildConfigurationList = BF0F58402DE5C5140059DEAF /* Build configuration list for PBXProject "StroopTest" */;
			developmentRegion = en;
			hasScannedForEncodings = 0;
			knownRegions = (
				en,
				Base,
			);
			mainGroup = BF0F583C2DE5C5140059DEAF;
			minimizedProjectReferenceProxies = 1;
			packageReferences = (
				BF0F58AB2DE5C6410059DEAF /* XCRemoteSwiftPackageReference "firebase-ios-sdk" */,
				BF0F58C02DE5CA4B0059DEAF /* XCRemoteSwiftPackageReference "SwiftUISpeechToText" */,
			);
			preferredProjectObjectVersion = 77;
			productRefGroup = BF0F58462DE5C5140059DEAF /* Products */;
			projectDirPath = "";
			projectRoot = "";
			targets = (
				BF0F58442DE5C5140059DEAF /* StroopTest */,
				BF0F58512DE5C5160059DEAF /* StroopTestTests */,
				BF0F585B2DE5C5160059DEAF /* StroopTestUITests */,
			);
		};
/* End PBXProject section */

/* Begin PBXResourcesBuildPhase section */
		BF0F58432DE5C5140059DEAF /* Resources */ = {
			isa = PBXResourcesBuildPhase;
			buildActionMask = 2147483647;
			files = (
				BF0F584D2DE5C5150059DEAF /* Assets.xcassets in Resources */,
			);
			runOnlyForDeploymentPostprocessing = 0;
		};
		BF0F58502DE5C5160059DEAF /* Resources */ = {
			isa = PBXResourcesBuildPhase;
			buildActionMask = 2147483647;
			files = (
			);
			runOnlyForDeploymentPostprocessing = 0;
		};
		BF0F585A2DE5C5160059DEAF /* Resources */ = {
			isa = PBXResourcesBuildPhase;
			buildActionMask = 2147483647;
			files = (
			);
			runOnlyForDeploymentPostprocessing = 0;
		};
/* End PBXResourcesBuildPhase section */

/* Begin PBXSourcesBuildPhase section */
		BF0F58412DE5C5140059DEAF /* Sources */ = {
			isa = PBXSourcesBuildPhase;
			buildActionMask = 2147483647;
			files = (
			);
			runOnlyForDeploymentPostprocessing = 0;
		};
		BF0F584E2DE5C5160059DEAF /* Sources */ = {
			isa = PBXSourcesBuildPhase;
			buildActionMask = 2147483647;
			files = (
			);
			runOnlyForDeploymentPostprocessing = 0;
		};
		BF0F58582DE5C5160059DEAF /* Sources */ = {
			isa = PBXSourcesBuildPhase;
			buildActionMask = 2147483647;
			files = (
			);
			runOnlyForDeploymentPostprocessing = 0;
		};
/* End PBXSourcesBuildPhase section */

/* Begin PBXTargetDependency section */
		BF0F58542DE5C5160059DEAF /* PBXTargetDependency */ = {
			isa = PBXTargetDependency;
			target = BF0F58442DE5C5140059DEAF /* StroopTest */;
			targetProxy = BF0F58532DE5C5160059DEAF /* PBXContainerItemProxy */;
		};
		BF0F585E2DE5C5160059DEAF /* PBXTargetDependency */ = {
			isa = PBXTargetDependency;
			target = BF0F58442DE5C5140059DEAF /* StroopTest */;
			targetProxy = BF0F585D2DE5C5160059DEAF /* PBXContainerItemProxy */;
		};
/* End PBXTargetDependency section */

/* Begin XCBuildConfiguration section */
		BF0F58642DE5C5160059DEAF /* Debug */ = {
			isa = XCBuildConfiguration;
			buildSettings = {
				ALWAYS_SEARCH_USER_PATHS = NO;
				ASSETCATALOG_COMPILER_GENERATE_SWIFT_ASSET_SYMBOL_EXTENSIONS = YES;
				CLANG_ANALYZER_NONNULL = YES;
				CLANG_ANALYZER_NUMBER_OBJECT_CONVERSION = YES_AGGRESSIVE;
				CLANG_CXX_LANGUAGE_STANDARD = "gnu++20";
				CLANG_ENABLE_MODULES = YES;
				CLANG_ENABLE_OBJC_ARC = YES;
				CLANG_ENABLE_OBJC_WEAK = YES;
				CLANG_WARN_BLOCK_CAPTURE_AUTORELEASING = YES;
				CLANG_WARN_BOOL_CONVERSION = YES;
				CLANG_WARN_COMMA = YES;
				CLANG_WARN_CONSTANT_CONVERSION = YES;
				CLANG_WARN_DEPRECATED_OBJC_IMPLEMENTATIONS = YES;
				CLANG_WARN_DIRECT_OBJC_ISA_USAGE = YES_ERROR;
				CLANG_WARN_DOCUMENTATION_COMMENTS = YES;
				CLANG_WARN_EMPTY_BODY = YES;
				CLANG_WARN_ENUM_CONVERSION = YES;
				CLANG_WARN_INFINITE_RECURSION = YES;
				CLANG_WARN_INT_CONVERSION = YES;
				CLANG_WARN_NON_LITERAL_NULL_CONVERSION = YES;
				CLANG_WARN_OBJC_IMPLICIT_RETAIN_SELF = YES;
				CLANG_WARN_OBJC_LITERAL_CONVERSION = YES;
				CLANG_WARN_OBJC_ROOT_CLASS = YES_ERROR;
				CLANG_WARN_QUOTED_INCLUDE_IN_FRAMEWORK_HEADER = YES;
				CLANG_WARN_RANGE_LOOP_ANALYSIS = YES;
				CLANG_WARN_STRICT_PROTOTYPES = YES;
				CLANG_WARN_SUSPICIOUS_MOVE = YES;
				CLANG_WARN_UNGUARDED_AVAILABILITY = YES_AGGRESSIVE;
				CLANG_WARN_UNREACHABLE_CODE = YES;
				CLANG_WARN__DUPLICATE_METHOD_MATCH = YES;
				COPY_PHASE_STRIP = NO;
				DEBUG_INFORMATION_FORMAT = dwarf;
				DEVELOPMENT_TEAM = LAP54KU2SV;
				ENABLE_STRICT_OBJC_MSGSEND = YES;
				ENABLE_TESTABILITY = YES;
				ENABLE_USER_SCRIPT_SANDBOXING = YES;
				GCC_C_LANGUAGE_STANDARD = gnu17;
				GCC_DYNAMIC_NO_PIC = NO;
				GCC_NO_COMMON_BLOCKS = YES;
				GCC_OPTIMIZATION_LEVEL = 0;
				GCC_PREPROCESSOR_DEFINITIONS = (
					"DEBUG=1",
					"$(inherited)",
				);
				GCC_WARN_64_TO_32_BIT_CONVERSION = YES;
				GCC_WARN_ABOUT_RETURN_TYPE = YES_ERROR;
				GCC_WARN_UNDECLARED_SELECTOR = YES;
				GCC_WARN_UNINITIALIZED_AUTOS = YES_AGGRESSIVE;
				GCC_WARN_UNUSED_FUNCTION = YES;
				GCC_WARN_UNUSED_VARIABLE = YES;
				IPHONEOS_DEPLOYMENT_TARGET = 18.4;
				LOCALIZATION_PREFERS_STRING_CATALOGS = YES;
				MTL_ENABLE_DEBUG_INFO = INCLUDE_SOURCE;
				MTL_FAST_MATH = YES;
				ONLY_ACTIVE_ARCH = YES;
				SDKROOT = iphoneos;
				SWIFT_ACTIVE_COMPILATION_CONDITIONS = "DEBUG $(inherited)";
				SWIFT_OPTIMIZATION_LEVEL = "-Onone";
			};
			name = Debug;
		};
		BF0F58652DE5C5160059DEAF /* Release */ = {
			isa = XCBuildConfiguration;
			buildSettings = {
				ALWAYS_SEARCH_USER_PATHS = NO;
				ASSETCATALOG_COMPILER_GENERATE_SWIFT_ASSET_SYMBOL_EXTENSIONS = YES;
				CLANG_ANALYZER_NONNULL = YES;
				CLANG_ANALYZER_NUMBER_OBJECT_CONVERSION = YES_AGGRESSIVE;
				CLANG_CXX_LANGUAGE_STANDARD = "gnu++20";
				CLANG_ENABLE_MODULES = YES;
				CLANG_ENABLE_OBJC_ARC = YES;
				CLANG_ENABLE_OBJC_WEAK = YES;
				CLANG_WARN_BLOCK_CAPTURE_AUTORELEASING = YES;
				CLANG_WARN_BOOL_CONVERSION = YES;
				CLANG_WARN_COMMA = YES;
				CLANG_WARN_CONSTANT_CONVERSION = YES;
				CLANG_WARN_DEPRECATED_OBJC_IMPLEMENTATIONS = YES;
				CLANG_WARN_DIRECT_OBJC_ISA_USAGE = YES_ERROR;
				CLANG_WARN_DOCUMENTATION_COMMENTS = YES;
				CLANG_WARN_EMPTY_BODY = YES;
				CLANG_WARN_ENUM_CONVERSION = YES;
				CLANG_WARN_INFINITE_RECURSION = YES;
				CLANG_WARN_INT_CONVERSION = YES;
				CLANG_WARN_NON_LITERAL_NULL_CONVERSION = YES;
				CLANG_WARN_OBJC_IMPLICIT_RETAIN_SELF = YES;
				CLANG_WARN_OBJC_LITERAL_CONVERSION = YES;
				CLANG_WARN_OBJC_ROOT_CLASS = YES_ERROR;
				CLANG_WARN_QUOTED_INCLUDE_IN_FRAMEWORK_HEADER = YES;
				CLANG_WARN_RANGE_LOOP_ANALYSIS = YES;
				CLANG_WARN_STRICT_PROTOTYPES = YES;
				CLANG_WARN_SUSPICIOUS_MOVE = YES;
				CLANG_WARN_UNGUARDED_AVAILABILITY = YES_AGGRESSIVE;
				CLANG_WARN_UNREACHABLE_CODE = YES;
				CLANG_WARN__DUPLICATE_METHOD_MATCH = YES;
				COPY_PHASE_STRIP = NO;
				DEBUG_INFORMATION_FORMAT = "dwarf-with-dsym";
				DEVELOPMENT_TEAM = LAP54KU2SV;
				ENABLE_NS_ASSERTIONS = NO;
				ENABLE_STRICT_OBJC_MSGSEND = YES;
				ENABLE_USER_SCRIPT_SANDBOXING = YES;
				GCC_C_LANGUAGE_STANDARD = gnu17;
				GCC_NO_COMMON_BLOCKS = YES;
				GCC_WARN_64_TO_32_BIT_CONVERSION = YES;
				GCC_WARN_ABOUT_RETURN_TYPE = YES_ERROR;
				GCC_WARN_UNDECLARED_SELECTOR = YES;
				GCC_WARN_UNINITIALIZED_AUTOS = YES_AGGRESSIVE;
				GCC_WARN_UNUSED_FUNCTION = YES;
				GCC_WARN_UNUSED_VARIABLE = YES;
				IPHONEOS_DEPLOYMENT_TARGET = 18.4;
				LOCALIZATION_PREFERS_STRING_CATALOGS = YES;
				MTL_ENABLE_DEBUG_INFO = NO;
				MTL_FAST_MATH = YES;
				SDKROOT = iphoneos;
				SWIFT_COMPILATION_MODE = wholemodule;
				VALIDATE_PRODUCT = YES;
			};
			name = Release;
		};
		BF0F58672DE5C5160059DEAF /* Debug */ = {
			isa = XCBuildConfiguration;
			buildSettings = {
				ASSETCATALOG_COMPILER_APPICON_NAME = AppIcon;
				ASSETCATALOG_COMPILER_GLOBAL_ACCENT_COLOR_NAME = AccentColor;
				CODE_SIGN_STYLE = Automatic;
				CURRENT_PROJECT_VERSION = 1;
				DEVELOPMENT_TEAM = LAP54KU2SV;
				ENABLE_PREVIEWS = YES;
				GENERATE_INFOPLIST_FILE = YES;
				INFOPLIST_KEY_NSMicrophoneUsageDescription = "";
				INFOPLIST_KEY_NSSpeechRecognitionUsageDescription = "";
				INFOPLIST_KEY_UIApplicationSceneManifest_Generation = YES;
				INFOPLIST_KEY_UIApplicationSupportsIndirectInputEvents = YES;
				INFOPLIST_KEY_UILaunchScreen_Generation = YES;
				INFOPLIST_KEY_UISupportedInterfaceOrientations_iPad = "UIInterfaceOrientationPortrait UIInterfaceOrientationPortraitUpsideDown UIInterfaceOrientationLandscapeLeft UIInterfaceOrientationLandscapeRight";
				INFOPLIST_KEY_UISupportedInterfaceOrientations_iPhone = "UIInterfaceOrientationPortrait UIInterfaceOrientationLandscapeLeft UIInterfaceOrientationLandscapeRight";
				LD_RUNPATH_SEARCH_PATHS = (
					"$(inherited)",
					"@executable_path/Frameworks",
				);
				MARKETING_VERSION = 1.0;
				PRODUCT_BUNDLE_IDENTIFIER = SwiftWithHari.StroopTest;
				PRODUCT_NAME = "$(TARGET_NAME)";
				SWIFT_EMIT_LOC_STRINGS = YES;
				SWIFT_VERSION = 5.0;
				TARGETED_DEVICE_FAMILY = "1,2";
			};
			name = Debug;
		};
		BF0F58682DE5C5160059DEAF /* Release */ = {
			isa = XCBuildConfiguration;
			buildSettings = {
				ASSETCATALOG_COMPILER_APPICON_NAME = AppIcon;
				ASSETCATALOG_COMPILER_GLOBAL_ACCENT_COLOR_NAME = AccentColor;
				CODE_SIGN_STYLE = Automatic;
				CURRENT_PROJECT_VERSION = 1;
				DEVELOPMENT_TEAM = LAP54KU2SV;
				ENABLE_PREVIEWS = YES;
				GENERATE_INFOPLIST_FILE = YES;
				INFOPLIST_KEY_NSMicrophoneUsageDescription = "";
				INFOPLIST_KEY_NSSpeechRecognitionUsageDescription = "";
				INFOPLIST_KEY_UIApplicationSceneManifest_Generation = YES;
				INFOPLIST_KEY_UIApplicationSupportsIndirectInputEvents = YES;
				INFOPLIST_KEY_UILaunchScreen_Generation = YES;
				INFOPLIST_KEY_UISupportedInterfaceOrientations_iPad = "UIInterfaceOrientationPortrait UIInterfaceOrientationPortraitUpsideDown UIInterfaceOrientationLandscapeLeft UIInterfaceOrientationLandscapeRight";
				INFOPLIST_KEY_UISupportedInterfaceOrientations_iPhone = "UIInterfaceOrientationPortrait UIInterfaceOrientationLandscapeLeft UIInterfaceOrientationLandscapeRight";
				LD_RUNPATH_SEARCH_PATHS = (
					"$(inherited)",
					"@executable_path/Frameworks",
				);
				MARKETING_VERSION = 1.0;
				PRODUCT_BUNDLE_IDENTIFIER = SwiftWithHari.StroopTest;
				PRODUCT_NAME = "$(TARGET_NAME)";
				SWIFT_EMIT_LOC_STRINGS = YES;
				SWIFT_VERSION = 5.0;
				TARGETED_DEVICE_FAMILY = "1,2";
			};
			name = Release;
		};
		BF0F586A2DE5C5160059DEAF /* Debug */ = {
			isa = XCBuildConfiguration;
			buildSettings = {
				BUNDLE_LOADER = "$(TEST_HOST)";
				CODE_SIGN_STYLE = Automatic;
				CURRENT_PROJECT_VERSION = 1;
				DEVELOPMENT_TEAM = LAP54KU2SV;
				GENERATE_INFOPLIST_FILE = YES;
				IPHONEOS_DEPLOYMENT_TARGET = 18.4;
				MARKETING_VERSION = 1.0;
				PRODUCT_BUNDLE_IDENTIFIER = SwiftWithHari.StroopTestTests;
				PRODUCT_NAME = "$(TARGET_NAME)";
				SWIFT_EMIT_LOC_STRINGS = NO;
				SWIFT_VERSION = 5.0;
				TARGETED_DEVICE_FAMILY = "1,2";
				TEST_HOST = "$(BUILT_PRODUCTS_DIR)/StroopTest.app/$(BUNDLE_EXECUTABLE_FOLDER_PATH)/StroopTest";
			};
			name = Debug;
		};
		BF0F586B2DE5C5160059DEAF /* Release */ = {
			isa = XCBuildConfiguration;
			buildSettings = {
				BUNDLE_LOADER = "$(TEST_HOST)";
				CODE_SIGN_STYLE = Automatic;
				CURRENT_PROJECT_VERSION = 1;
				DEVELOPMENT_TEAM = LAP54KU2SV;
				GENERATE_INFOPLIST_FILE = YES;
				IPHONEOS_DEPLOYMENT_TARGET = 18.4;
				MARKETING_VERSION = 1.0;
				PRODUCT_BUNDLE_IDENTIFIER = SwiftWithHari.StroopTestTests;
				PRODUCT_NAME = "$(TARGET_NAME)";
				SWIFT_EMIT_LOC_STRINGS = NO;
				SWIFT_VERSION = 5.0;
				TARGETED_DEVICE_FAMILY = "1,2";
				TEST_HOST = "$(BUILT_PRODUCTS_DIR)/StroopTest.app/$(BUNDLE_EXECUTABLE_FOLDER_PATH)/StroopTest";
			};
			name = Release;
		};
		BF0F586D2DE5C5160059DEAF /* Debug */ = {
			isa = XCBuildConfiguration;
			buildSettings = {
				CODE_SIGN_STYLE = Automatic;
				CURRENT_PROJECT_VERSION = 1;
				DEVELOPMENT_TEAM = LAP54KU2SV;
				GENERATE_INFOPLIST_FILE = YES;
				MARKETING_VERSION = 1.0;
				PRODUCT_BUNDLE_IDENTIFIER = SwiftWithHari.StroopTestUITests;
				PRODUCT_NAME = "$(TARGET_NAME)";
				SWIFT_EMIT_LOC_STRINGS = NO;
				SWIFT_VERSION = 5.0;
				TARGETED_DEVICE_FAMILY = "1,2";
				TEST_TARGET_NAME = StroopTest;
			};
			name = Debug;
		};
		BF0F586E2DE5C5160059DEAF /* Release */ = {
			isa = XCBuildConfiguration;
			buildSettings = {
				CODE_SIGN_STYLE = Automatic;
				CURRENT_PROJECT_VERSION = 1;
				DEVELOPMENT_TEAM = LAP54KU2SV;
				GENERATE_INFOPLIST_FILE = YES;
				MARKETING_VERSION = 1.0;
				PRODUCT_BUNDLE_IDENTIFIER = SwiftWithHari.StroopTestUITests;
				PRODUCT_NAME = "$(TARGET_NAME)";
				SWIFT_EMIT_LOC_STRINGS = NO;
				SWIFT_VERSION = 5.0;
				TARGETED_DEVICE_FAMILY = "1,2";
				TEST_TARGET_NAME = StroopTest;
			};
			name = Release;
		};
/* End XCBuildConfiguration section */

/* Begin XCConfigurationList section */
		BF0F58402DE5C5140059DEAF /* Build configuration list for PBXProject "StroopTest" */ = {
			isa = XCConfigurationList;
			buildConfigurations = (
				BF0F58642DE5C5160059DEAF /* Debug */,
				BF0F58652DE5C5160059DEAF /* Release */,
			);
			defaultConfigurationIsVisible = 0;
			defaultConfigurationName = Release;
		};
		BF0F58662DE5C5160059DEAF /* Build configuration list for PBXNativeTarget "StroopTest" */ = {
			isa = XCConfigurationList;
			buildConfigurations = (
				BF0F58672DE5C5160059DEAF /* Debug */,
				BF0F58682DE5C5160059DEAF /* Release */,
			);
			defaultConfigurationIsVisible = 0;
			defaultConfigurationName = Release;
		};
		BF0F58692DE5C5160059DEAF /* Build configuration list for PBXNativeTarget "StroopTestTests" */ = {
			isa = XCConfigurationList;
			buildConfigurations = (
				BF0F586A2DE5C5160059DEAF /* Debug */,
				BF0F586B2DE5C5160059DEAF /* Release */,
			);
			defaultConfigurationIsVisible = 0;
			defaultConfigurationName = Release;
		};
		BF0F586C2DE5C5160059DEAF /* Build configuration list for PBXNativeTarget "StroopTestUITests" */ = {
			isa = XCConfigurationList;
			buildConfigurations = (
				BF0F586D2DE5C5160059DEAF /* Debug */,
				BF0F586E2DE5C5160059DEAF /* Release */,
			);
			defaultConfigurationIsVisible = 0;
			defaultConfigurationName = Release;
		};
/* End XCConfigurationList section */

/* Begin XCRemoteSwiftPackageReference section */
		BF0F58AB2DE5C6410059DEAF /* XCRemoteSwiftPackageReference "firebase-ios-sdk" */ = {
			isa = XCRemoteSwiftPackageReference;
			repositoryURL = "https://github.com/firebase/firebase-ios-sdk";
			requirement = {
				kind = upToNextMajorVersion;
				minimumVersion = 11.13.0;
			};
		};
		BF0F58C02DE5CA4B0059DEAF /* XCRemoteSwiftPackageReference "SwiftUISpeechToText" */ = {
			isa = XCRemoteSwiftPackageReference;
			repositoryURL = "https://github.com/pandashashwat97/SwiftUISpeechToText.git";
			requirement = {
				branch = main;
				kind = branch;
			};
		};
/* End XCRemoteSwiftPackageReference section */

/* Begin XCSwiftPackageProductDependency section */
		BF0F58AC2DE5C6410059DEAF /* FirebaseAI */ = {
			isa = XCSwiftPackageProductDependency;
			package = BF0F58AB2DE5C6410059DEAF /* XCRemoteSwiftPackageReference "firebase-ios-sdk" */;
			productName = FirebaseAI;
		};
		BF0F58AE2DE5C6410059DEAF /* FirebaseAuth */ = {
			isa = XCSwiftPackageProductDependency;
			package = BF0F58AB2DE5C6410059DEAF /* XCRemoteSwiftPackageReference "firebase-ios-sdk" */;
			productName = FirebaseAuth;
		};
		BF0F58B02DE5C6410059DEAF /* FirebaseDatabase */ = {
			isa = XCSwiftPackageProductDependency;
			package = BF0F58AB2DE5C6410059DEAF /* XCRemoteSwiftPackageReference "firebase-ios-sdk" */;
			productName = FirebaseDatabase;
		};
		BF0F58B22DE5C6410059DEAF /* FirebaseFirestore */ = {
			isa = XCSwiftPackageProductDependency;
			package = BF0F58AB2DE5C6410059DEAF /* XCRemoteSwiftPackageReference "firebase-ios-sdk" */;
			productName = FirebaseFirestore;
		};
		BF0F58B42DE5C6410059DEAF /* FirebaseStorage */ = {
			isa = XCSwiftPackageProductDependency;
			package = BF0F58AB2DE5C6410059DEAF /* XCRemoteSwiftPackageReference "firebase-ios-sdk" */;
			productName = FirebaseStorage;
		};
		BF0F58C12DE5CA4B0059DEAF /* SwiftUISpeechToText */ = {
			isa = XCSwiftPackageProductDependency;
			package = BF0F58C02DE5CA4B0059DEAF /* XCRemoteSwiftPackageReference "SwiftUISpeechToText" */;
			productName = SwiftUISpeechToText;
		};
/* End XCSwiftPackageProductDependency section */
	};
	rootObject = BF0F583D2DE5C5140059DEAF /* Project object */;
}
